
Microsoft Visual Studio Solution File, Format Version 12.00
# Visual Studio 15
VisualStudioVersion = 15.0.26124.0
MinimumVisualStudioVersion = 15.0.26124.0
Project("{2150E333-8FDC-42A3-9474-1A3956D46DE8}") = "src", "src", "{8A8CD620-4BCD-4C37-99D4-D36FB8C9C291}"
EndProject
Project("{F2A71F9B-5D33-465A-A702-920D77279786}") = "classlib-template", "src\classlib-template\classlib-template.fsproj", "{2013840B-DF7A-4A05-B662-2762C96F9B0F}"
EndProject
Project("{F2A71F9B-5D33-465A-A702-920D77279786}") = "console-template", "src\console-template\console-template.fsproj", "{D8DBB795-DF2E-4ED8-AF62-73B21AEE8A7E}"
EndProject
Project("{F2A71F9B-5D33-465A-A702-920D77279786}") = "giraffe-template", "src\giraffe-template\giraffe-template.fsproj", "{E7A159E9-7588-43EA-883C-ED2DC981601E}"
EndProject
Project("{2150E333-8FDC-42A3-9474-1A3956D46DE8}") = "tests", "tests", "{D2F5D64D-77C4-4AB2-9AFD-D3889CDBD06A}"
EndProject
Project("{F2A71F9B-5D33-465A-A702-920D77279786}") = "giraffe-template.Tests", "tests\giraffe-template.Tests\giraffe-template.Tests.fsproj", "{4AA4846D-92CD-4E63-9B15-4455E2D9F635}"
EndProject
Project("{F2A71F9B-5D33-465A-A702-920D77279786}") = "websharper-lib", "src\websharper-lib\websharper-lib.fsproj", "{AFA78779-720F-4151-85CB-9A6FCF26025E}"
EndProject
Project("{F2A71F9B-5D33-465A-A702-920D77279786}") = "websharper-spa", "src\websharper-spa\websharper-spa.fsproj", "{D5CFDCFE-A375-4B0A-903B-FA0731DD8688}"
EndProject
Project("{F2A71F9B-5D33-465A-A702-920D77279786}") = "aspnet-webapi", "src\aspnet-webapi\aspnet-webapi.fsproj", "{005C27CA-78F7-4416-ABF8-72EE16AD3E55}"
EndProject
Global
	GlobalSection(SolutionProperties) = preSolution
		HideSolutionNode = FALSE
	EndGlobalSection
	GlobalSection(SolutionConfigurationPlatforms) = preSolution
		Debug|Any CPU = Debug|Any CPU
		Debug|x64 = Debug|x64
		Debug|x86 = Debug|x86
		Release|Any CPU = Release|Any CPU
		Release|x64 = Release|x64
		Release|x86 = Release|x86
	EndGlobalSection
	GlobalSection(ProjectConfigurationPlatforms) = postSolution
		{2013840B-DF7A-4A05-B662-2762C96F9B0F}.Debug|Any CPU.ActiveCfg = Debug|Any CPU
		{2013840B-DF7A-4A05-B662-2762C96F9B0F}.Debug|Any CPU.Build.0 = Debug|Any CPU
		{2013840B-DF7A-4A05-B662-2762C96F9B0F}.Debug|x64.ActiveCfg = Debug|Any CPU
		{2013840B-DF7A-4A05-B662-2762C96F9B0F}.Debug|x64.Build.0 = Debug|Any CPU
		{2013840B-DF7A-4A05-B662-2762C96F9B0F}.Debug|x86.ActiveCfg = Debug|Any CPU
		{2013840B-DF7A-4A05-B662-2762C96F9B0F}.Debug|x86.Build.0 = Debug|Any CPU
		{2013840B-DF7A-4A05-B662-2762C96F9B0F}.Release|Any CPU.ActiveCfg = Release|Any CPU
		{2013840B-DF7A-4A05-B662-2762C96F9B0F}.Release|Any CPU.Build.0 = Release|Any CPU
		{2013840B-DF7A-4A05-B662-2762C96F9B0F}.Release|x64.ActiveCfg = Release|Any CPU
		{2013840B-DF7A-4A05-B662-2762C96F9B0F}.Release|x64.Build.0 = Release|Any CPU
		{2013840B-DF7A-4A05-B662-2762C96F9B0F}.Release|x86.ActiveCfg = Release|Any CPU
		{2013840B-DF7A-4A05-B662-2762C96F9B0F}.Release|x86.Build.0 = Release|Any CPU
		{D8DBB795-DF2E-4ED8-AF62-73B21AEE8A7E}.Debug|Any CPU.ActiveCfg = Debug|Any CPU
		{D8DBB795-DF2E-4ED8-AF62-73B21AEE8A7E}.Debug|Any CPU.Build.0 = Debug|Any CPU
		{D8DBB795-DF2E-4ED8-AF62-73B21AEE8A7E}.Debug|x64.ActiveCfg = Debug|Any CPU
		{D8DBB795-DF2E-4ED8-AF62-73B21AEE8A7E}.Debug|x64.Build.0 = Debug|Any CPU
		{D8DBB795-DF2E-4ED8-AF62-73B21AEE8A7E}.Debug|x86.ActiveCfg = Debug|Any CPU
		{D8DBB795-DF2E-4ED8-AF62-73B21AEE8A7E}.Debug|x86.Build.0 = Debug|Any CPU
		{D8DBB795-DF2E-4ED8-AF62-73B21AEE8A7E}.Release|Any CPU.ActiveCfg = Release|Any CPU
		{D8DBB795-DF2E-4ED8-AF62-73B21AEE8A7E}.Release|Any CPU.Build.0 = Release|Any CPU
		{D8DBB795-DF2E-4ED8-AF62-73B21AEE8A7E}.Release|x64.ActiveCfg = Release|Any CPU
		{D8DBB795-DF2E-4ED8-AF62-73B21AEE8A7E}.Release|x64.Build.0 = Release|Any CPU
		{D8DBB795-DF2E-4ED8-AF62-73B21AEE8A7E}.Release|x86.ActiveCfg = Release|Any CPU
		{D8DBB795-DF2E-4ED8-AF62-73B21AEE8A7E}.Release|x86.Build.0 = Release|Any CPU
		{E7A159E9-7588-43EA-883C-ED2DC981601E}.Debug|Any CPU.ActiveCfg = Debug|Any CPU
		{E7A159E9-7588-43EA-883C-ED2DC981601E}.Debug|Any CPU.Build.0 = Debug|Any CPU
		{E7A159E9-7588-43EA-883C-ED2DC981601E}.Debug|x64.ActiveCfg = Debug|Any CPU
		{E7A159E9-7588-43EA-883C-ED2DC981601E}.Debug|x64.Build.0 = Debug|Any CPU
		{E7A159E9-7588-43EA-883C-ED2DC981601E}.Debug|x86.ActiveCfg = Debug|Any CPU
		{E7A159E9-7588-43EA-883C-ED2DC981601E}.Debug|x86.Build.0 = Debug|Any CPU
		{E7A159E9-7588-43EA-883C-ED2DC981601E}.Release|Any CPU.ActiveCfg = Release|Any CPU
		{E7A159E9-7588-43EA-883C-ED2DC981601E}.Release|Any CPU.Build.0 = Release|Any CPU
		{E7A159E9-7588-43EA-883C-ED2DC981601E}.Release|x64.ActiveCfg = Release|Any CPU
		{E7A159E9-7588-43EA-883C-ED2DC981601E}.Release|x64.Build.0 = Release|Any CPU
		{E7A159E9-7588-43EA-883C-ED2DC981601E}.Release|x86.ActiveCfg = Release|Any CPU
		{E7A159E9-7588-43EA-883C-ED2DC981601E}.Release|x86.Build.0 = Release|Any CPU
		{4AA4846D-92CD-4E63-9B15-4455E2D9F635}.Debug|Any CPU.ActiveCfg = Debug|Any CPU
		{4AA4846D-92CD-4E63-9B15-4455E2D9F635}.Debug|Any CPU.Build.0 = Debug|Any CPU
		{4AA4846D-92CD-4E63-9B15-4455E2D9F635}.Debug|x64.ActiveCfg = Debug|Any CPU
		{4AA4846D-92CD-4E63-9B15-4455E2D9F635}.Debug|x64.Build.0 = Debug|Any CPU
		{4AA4846D-92CD-4E63-9B15-4455E2D9F635}.Debug|x86.ActiveCfg = Debug|Any CPU
		{4AA4846D-92CD-4E63-9B15-4455E2D9F635}.Debug|x86.Build.0 = Debug|Any CPU
		{4AA4846D-92CD-4E63-9B15-4455E2D9F635}.Release|Any CPU.ActiveCfg = Release|Any CPU
		{4AA4846D-92CD-4E63-9B15-4455E2D9F635}.Release|Any CPU.Build.0 = Release|Any CPU
		{4AA4846D-92CD-4E63-9B15-4455E2D9F635}.Release|x64.ActiveCfg = Release|Any CPU
		{4AA4846D-92CD-4E63-9B15-4455E2D9F635}.Release|x64.Build.0 = Release|Any CPU
		{4AA4846D-92CD-4E63-9B15-4455E2D9F635}.Release|x86.ActiveCfg = Release|Any CPU
		{4AA4846D-92CD-4E63-9B15-4455E2D9F635}.Release|x86.Build.0 = Release|Any CPU
		{AFA78779-720F-4151-85CB-9A6FCF26025E}.Debug|Any CPU.ActiveCfg = Debug|Any CPU
		{AFA78779-720F-4151-85CB-9A6FCF26025E}.Debug|Any CPU.Build.0 = Debug|Any CPU
		{AFA78779-720F-4151-85CB-9A6FCF26025E}.Debug|x64.ActiveCfg = Debug|Any CPU
		{AFA78779-720F-4151-85CB-9A6FCF26025E}.Debug|x64.Build.0 = Debug|Any CPU
		{AFA78779-720F-4151-85CB-9A6FCF26025E}.Debug|x86.ActiveCfg = Debug|Any CPU
		{AFA78779-720F-4151-85CB-9A6FCF26025E}.Debug|x86.Build.0 = Debug|Any CPU
		{AFA78779-720F-4151-85CB-9A6FCF26025E}.Release|Any CPU.ActiveCfg = Release|Any CPU
		{AFA78779-720F-4151-85CB-9A6FCF26025E}.Release|Any CPU.Build.0 = Release|Any CPU
		{AFA78779-720F-4151-85CB-9A6FCF26025E}.Release|x64.ActiveCfg = Release|Any CPU
		{AFA78779-720F-4151-85CB-9A6FCF26025E}.Release|x64.Build.0 = Release|Any CPU
		{AFA78779-720F-4151-85CB-9A6FCF26025E}.Release|x86.ActiveCfg = Release|Any CPU
		{AFA78779-720F-4151-85CB-9A6FCF26025E}.Release|x86.Build.0 = Release|Any CPU
		{D5CFDCFE-A375-4B0A-903B-FA0731DD8688}.Debug|Any CPU.ActiveCfg = Debug|Any CPU
		{D5CFDCFE-A375-4B0A-903B-FA0731DD8688}.Debug|Any CPU.Build.0 = Debug|Any CPU
		{D5CFDCFE-A375-4B0A-903B-FA0731DD8688}.Debug|x64.ActiveCfg = Debug|Any CPU
		{D5CFDCFE-A375-4B0A-903B-FA0731DD8688}.Debug|x64.Build.0 = Debug|Any CPU
		{D5CFDCFE-A375-4B0A-903B-FA0731DD8688}.Debug|x86.ActiveCfg = Debug|Any CPU
		{D5CFDCFE-A375-4B0A-903B-FA0731DD8688}.Debug|x86.Build.0 = Debug|Any CPU
		{D5CFDCFE-A375-4B0A-903B-FA0731DD8688}.Release|Any CPU.ActiveCfg = Release|Any CPU
		{D5CFDCFE-A375-4B0A-903B-FA0731DD8688}.Release|Any CPU.Build.0 = Release|Any CPU
		{D5CFDCFE-A375-4B0A-903B-FA0731DD8688}.Release|x64.ActiveCfg = Release|Any CPU
		{D5CFDCFE-A375-4B0A-903B-FA0731DD8688}.Release|x64.Build.0 = Release|Any CPU
		{D5CFDCFE-A375-4B0A-903B-FA0731DD8688}.Release|x86.ActiveCfg = Release|Any CPU
		{D5CFDCFE-A375-4B0A-903B-FA0731DD8688}.Release|x86.Build.0 = Release|Any CPU
		{005C27CA-78F7-4416-ABF8-72EE16AD3E55}.Debug|Any CPU.ActiveCfg = Debug|Any CPU
		{005C27CA-78F7-4416-ABF8-72EE16AD3E55}.Debug|Any CPU.Build.0 = Debug|Any CPU
		{005C27CA-78F7-4416-ABF8-72EE16AD3E55}.Debug|x64.ActiveCfg = Debug|Any CPU
		{005C27CA-78F7-4416-ABF8-72EE16AD3E55}.Debug|x64.Build.0 = Debug|Any CPU
		{005C27CA-78F7-4416-ABF8-72EE16AD3E55}.Debug|x86.ActiveCfg = Debug|Any CPU
		{005C27CA-78F7-4416-ABF8-72EE16AD3E55}.Debug|x86.Build.0 = Debug|Any CPU
		{005C27CA-78F7-4416-ABF8-72EE16AD3E55}.Release|Any CPU.ActiveCfg = Release|Any CPU
		{005C27CA-78F7-4416-ABF8-72EE16AD3E55}.Release|Any CPU.Build.0 = Release|Any CPU
		{005C27CA-78F7-4416-ABF8-72EE16AD3E55}.Release|x64.ActiveCfg = Release|Any CPU
		{005C27CA-78F7-4416-ABF8-72EE16AD3E55}.Release|x64.Build.0 = Release|Any CPU
		{005C27CA-78F7-4416-ABF8-72EE16AD3E55}.Release|x86.ActiveCfg = Release|Any CPU
		{005C27CA-78F7-4416-ABF8-72EE16AD3E55}.Release|x86.Build.0 = Release|Any CPU
	EndGlobalSection
	GlobalSection(NestedProjects) = preSolution
		{2013840B-DF7A-4A05-B662-2762C96F9B0F} = {8A8CD620-4BCD-4C37-99D4-D36FB8C9C291}
		{D8DBB795-DF2E-4ED8-AF62-73B21AEE8A7E} = {8A8CD620-4BCD-4C37-99D4-D36FB8C9C291}
		{E7A159E9-7588-43EA-883C-ED2DC981601E} = {8A8CD620-4BCD-4C37-99D4-D36FB8C9C291}
		{4AA4846D-92CD-4E63-9B15-4455E2D9F635} = {D2F5D64D-77C4-4AB2-9AFD-D3889CDBD06A}
		{AFA78779-720F-4151-85CB-9A6FCF26025E} = {8A8CD620-4BCD-4C37-99D4-D36FB8C9C291}
		{D5CFDCFE-A375-4B0A-903B-FA0731DD8688} = {8A8CD620-4BCD-4C37-99D4-D36FB8C9C291}
		{005C27CA-78F7-4416-ABF8-72EE16AD3E55} = {8A8CD620-4BCD-4C37-99D4-D36FB8C9C291}
	EndGlobalSection
EndGlobal
